
Microsoft Visual Studio Solution File, Format Version 12.00
# Visual Studio Version 17
VisualStudioVersion = 17.3.32819.101
MinimumVisualStudioVersion = 10.0.40219.1
Project("{FAE04EC0-301F-11D3-BF4B-00C04F79EFBC}") = "iRh.Windows", "iRh.Windows\iRh.Windows.csproj", "{3147AB9C-F26C-49D3-9F5B-BC8654D1E738}"
EndProject
Global
	GlobalSection(SolutionConfigurationPlatforms) = preSolution
		Debug|Any CPU = Debug|Any CPU
		Release|Any CPU = Release|Any CPU
	EndGlobalSection
	GlobalSection(ProjectConfigurationPlatforms) = postSolution
		{3147AB9C-F26C-49D3-9F5B-BC8654D1E738}.Debug|Any CPU.ActiveCfg = Debug|Any CPU
		{3147AB9C-F26C-49D3-9F5B-BC8654D1E738}.Debug|Any CPU.Build.0 = Debug|Any CPU
		{3147AB9C-F26C-49D3-9F5B-BC8654D1E738}.Release|Any CPU.ActiveCfg = Release|Any CPU
		{3147AB9C-F26C-49D3-9F5B-BC8654D1E738}.Release|Any CPU.Build.0 = Release|Any CPU
	EndGlobalSection
	GlobalSection(SolutionProperties) = preSolution
		HideSolutionNode = FALSE
	EndGlobalSection
	GlobalSection(ExtensibilityGlobals) = postSolution
		SolutionGuid = {823BDDC8-DABA-40F1-99B8-8B6E61B4B223}
	EndGlobalSection
EndGlobal
